// !$*UTF8*$!
{
	archiveVersion = 1;
	classes = {
	};
	objectVersion = 56;
	objects = {

/* Begin PBXBuildFile section */
		78464B8B6DBB3F33B9B28A1A /* amplifyconfiguration.json in Resources */ = {isa = PBXBuildFile; fileRef = 38AC7ED943D9F5D5758DD911 /* amplifyconfiguration.json */; };
		7B7882B429D607C400EFE183 /* swift_amplify_cognitoApp.swift in Sources */ = {isa = PBXBuildFile; fileRef = 7B7882B329D607C400EFE183 /* swift_amplify_cognitoApp.swift */; };
		7B7882B629D607C400EFE183 /* ContentView.swift in Sources */ = {isa = PBXBuildFile; fileRef = 7B7882B529D607C400EFE183 /* ContentView.swift */; };
		7B7882B829D607C600EFE183 /* Assets.xcassets in Resources */ = {isa = PBXBuildFile; fileRef = 7B7882B729D607C600EFE183 /* Assets.xcassets */; };
		7B7882BB29D607C600EFE183 /* Preview Assets.xcassets in Resources */ = {isa = PBXBuildFile; fileRef = 7B7882BA29D607C600EFE183 /* Preview Assets.xcassets */; };
		7B7882C229D6085300EFE183 /* SignUpView.swift in Sources */ = {isa = PBXBuildFile; fileRef = 7B7882C129D6085300EFE183 /* SignUpView.swift */; };
		7B7882C429D6087000EFE183 /* ConfirmationView.swift in Sources */ = {isa = PBXBuildFile; fileRef = 7B7882C329D6087000EFE183 /* ConfirmationView.swift */; };
		7B7882C629D6087D00EFE183 /* LoginView.swift in Sources */ = {isa = PBXBuildFile; fileRef = 7B7882C529D6087D00EFE183 /* LoginView.swift */; };
		7B7882C829D6088700EFE183 /* SessionView.swift in Sources */ = {isa = PBXBuildFile; fileRef = 7B7882C729D6088700EFE183 /* SessionView.swift */; };
		7B8D352129D67B62007D9F5F /* SessionManager.swift in Sources */ = {isa = PBXBuildFile; fileRef = 7B8D352029D67B62007D9F5F /* SessionManager.swift */; };
		8FB45D98CCCBFF058100661B /* Pods_swift_amplify_cognito.framework in Frameworks */ = {isa = PBXBuildFile; fileRef = DAF59CE558187B4D05F0CB03 /* Pods_swift_amplify_cognito.framework */; };
		E1AB8A218E0060B20519BBA0 /* awsconfiguration.json in Resources */ = {isa = PBXBuildFile; fileRef = B9AE08AB877B27B1DD81B955 /* awsconfiguration.json */; };
/* End PBXBuildFile section */

/* Begin PBXFileReference section */
		38AC7ED943D9F5D5758DD911 /* amplifyconfiguration.json */ = {isa = PBXFileReference; explicitFileType = text.json; path = amplifyconfiguration.json; sourceTree = "<group>"; };
		44D8DA5970D2745525BEDF4D /* Pods-swift-amplify-cognito.release.xcconfig */ = {isa = PBXFileReference; includeInIndex = 1; lastKnownFileType = text.xcconfig; name = "Pods-swift-amplify-cognito.release.xcconfig"; path = "Target Support Files/Pods-swift-amplify-cognito/Pods-swift-amplify-cognito.release.xcconfig"; sourceTree = "<group>"; };
		7B7882B029D607C400EFE183 /* swift-amplify-cognito.app */ = {isa = PBXFileReference; explicitFileType = wrapper.application; includeInIndex = 0; path = "swift-amplify-cognito.app"; sourceTree = BUILT_PRODUCTS_DIR; };
		7B7882B329D607C400EFE183 /* swift_amplify_cognitoApp.swift */ = {isa = PBXFileReference; lastKnownFileType = sourcecode.swift; path = swift_amplify_cognitoApp.swift; sourceTree = "<group>"; };
		7B7882B529D607C400EFE183 /* ContentView.swift */ = {isa = PBXFileReference; lastKnownFileType = sourcecode.swift; path = ContentView.swift; sourceTree = "<group>"; };
		7B7882B729D607C600EFE183 /* Assets.xcassets */ = {isa = PBXFileReference; lastKnownFileType = folder.assetcatalog; path = Assets.xcassets; sourceTree = "<group>"; };
		7B7882BA29D607C600EFE183 /* Preview Assets.xcassets */ = {isa = PBXFileReference; lastKnownFileType = folder.assetcatalog; path = "Preview Assets.xcassets"; sourceTree = "<group>"; };
		7B7882C129D6085300EFE183 /* SignUpView.swift */ = {isa = PBXFileReference; lastKnownFileType = sourcecode.swift; path = SignUpView.swift; sourceTree = "<group>"; };
		7B7882C329D6087000EFE183 /* ConfirmationView.swift */ = {isa = PBXFileReference; lastKnownFileType = sourcecode.swift; path = ConfirmationView.swift; sourceTree = "<group>"; };
		7B7882C529D6087D00EFE183 /* LoginView.swift */ = {isa = PBXFileReference; lastKnownFileType = sourcecode.swift; path = LoginView.swift; sourceTree = "<group>"; };
		7B7882C729D6088700EFE183 /* SessionView.swift */ = {isa = PBXFileReference; lastKnownFileType = sourcecode.swift; path = SessionView.swift; sourceTree = "<group>"; };
		7B8D352029D67B62007D9F5F /* SessionManager.swift */ = {isa = PBXFileReference; lastKnownFileType = sourcecode.swift; path = SessionManager.swift; sourceTree = "<group>"; };
		831CB93CE5BAEB757DCA8A56 /* Pods-swift-amplify-cognito.debug.xcconfig */ = {isa = PBXFileReference; includeInIndex = 1; lastKnownFileType = text.xcconfig; name = "Pods-swift-amplify-cognito.debug.xcconfig"; path = "Target Support Files/Pods-swift-amplify-cognito/Pods-swift-amplify-cognito.debug.xcconfig"; sourceTree = "<group>"; };
		B9AE08AB877B27B1DD81B955 /* awsconfiguration.json */ = {isa = PBXFileReference; explicitFileType = text.json; path = awsconfiguration.json; sourceTree = "<group>"; };
		DAF59CE558187B4D05F0CB03 /* Pods_swift_amplify_cognito.framework */ = {isa = PBXFileReference; explicitFileType = wrapper.framework; includeInIndex = 0; path = Pods_swift_amplify_cognito.framework; sourceTree = BUILT_PRODUCTS_DIR; };
/* End PBXFileReference section */

/* Begin PBXFrameworksBuildPhase section */
		7B7882AD29D607C400EFE183 /* Frameworks */ = {
			isa = PBXFrameworksBuildPhase;
			buildActionMask = 2147483647;
			files = (
				8FB45D98CCCBFF058100661B /* Pods_swift_amplify_cognito.framework in Frameworks */,
			);
			runOnlyForDeploymentPostprocessing = 0;
		};
/* End PBXFrameworksBuildPhase section */

/* Begin PBXGroup section */
		2BCC36D81200F78908587E85 /* Frameworks */ = {
			isa = PBXGroup;
			children = (
				DAF59CE558187B4D05F0CB03 /* Pods_swift_amplify_cognito.framework */,
			);
			name = Frameworks;
			sourceTree = "<group>";
		};
		7B7882A729D607C400EFE183 = {
			isa = PBXGroup;
			children = (
				7B7882B229D607C400EFE183 /* swift-amplify-cognito */,
				7B7882B129D607C400EFE183 /* Products */,
				E47E6B4A746274FEEE1C73CD /* Pods */,
				2BCC36D81200F78908587E85 /* Frameworks */,
				82A4DB1AD85F2DD0BA08A115 /* AmplifyConfig */,
			);
			sourceTree = "<group>";
		};
		7B7882B129D607C400EFE183 /* Products */ = {
			isa = PBXGroup;
			children = (
				7B7882B029D607C400EFE183 /* swift-amplify-cognito.app */,
			);
			name = Products;
			sourceTree = "<group>";
		};
		7B7882B229D607C400EFE183 /* swift-amplify-cognito */ = {
			isa = PBXGroup;
			children = (
				7B7882B329D607C400EFE183 /* swift_amplify_cognitoApp.swift */,
				7B7882B529D607C400EFE183 /* ContentView.swift */,
				7B7882B729D607C600EFE183 /* Assets.xcassets */,
				7B7882B929D607C600EFE183 /* Preview Content */,
				7B7882C129D6085300EFE183 /* SignUpView.swift */,
				7B7882C329D6087000EFE183 /* ConfirmationView.swift */,
				7B7882C529D6087D00EFE183 /* LoginView.swift */,
				7B7882C729D6088700EFE183 /* SessionView.swift */,
				7B8D352029D67B62007D9F5F /* SessionManager.swift */,
			);
			path = "swift-amplify-cognito";
			sourceTree = "<group>";
		};
		7B7882B929D607C600EFE183 /* Preview Content */ = {
			isa = PBXGroup;
			children = (
				7B7882BA29D607C600EFE183 /* Preview Assets.xcassets */,
			);
			path = "Preview Content";
			sourceTree = "<group>";
		};
		82A4DB1AD85F2DD0BA08A115 /* AmplifyConfig */ = {
			isa = PBXGroup;
			children = (
				B9AE08AB877B27B1DD81B955 /* awsconfiguration.json */,
				38AC7ED943D9F5D5758DD911 /* amplifyconfiguration.json */,
			);
			name = AmplifyConfig;
			sourceTree = "<group>";
		};
		E47E6B4A746274FEEE1C73CD /* Pods */ = {
			isa = PBXGroup;
			children = (
				831CB93CE5BAEB757DCA8A56 /* Pods-swift-amplify-cognito.debug.xcconfig */,
				44D8DA5970D2745525BEDF4D /* Pods-swift-amplify-cognito.release.xcconfig */,
			);
			path = Pods;
			sourceTree = "<group>";
		};
/* End PBXGroup section */

/* Begin PBXNativeTarget section */
		7B7882AF29D607C400EFE183 /* swift-amplify-cognito */ = {
			isa = PBXNativeTarget;
			buildConfigurationList = 7B7882BE29D607C600EFE183 /* Build configuration list for PBXNativeTarget "swift-amplify-cognito" */;
			buildPhases = (
				DBB9DAF6BC32713AF6E31557 /* [CP] Check Pods Manifest.lock */,
				7B7882AC29D607C400EFE183 /* Sources */,
				7B7882AD29D607C400EFE183 /* Frameworks */,
				7B7882AE29D607C400EFE183 /* Resources */,
				EC19E2F0D5D15C486BBF8EF0 /* [CP] Embed Pods Frameworks */,
				7BD6B8E229E1E8BB0070A159 /* ShellScript */,
			);
			buildRules = (
			);
			dependencies = (
			);
			name = "swift-amplify-cognito";
			productName = "swift-amplify-cognito";
			productReference = 7B7882B029D607C400EFE183 /* swift-amplify-cognito.app */;
			productType = "com.apple.product-type.application";
		};
/* End PBXNativeTarget section */

/* Begin PBXProject section */
		7B7882A829D607C400EFE183 /* Project object */ = {
			isa = PBXProject;
			attributes = {
				BuildIndependentTargetsInParallel = 1;
				LastSwiftUpdateCheck = 1420;
				LastUpgradeCheck = 1420;
				TargetAttributes = {
					7B7882AF29D607C400EFE183 = {
						CreatedOnToolsVersion = 14.2;
					};
				};
			};
			buildConfigurationList = 7B7882AB29D607C400EFE183 /* Build configuration list for PBXProject "swift-amplify-cognito" */;
			compatibilityVersion = "Xcode 14.0";
			developmentRegion = en;
			hasScannedForEncodings = 0;
			knownRegions = (
				en,
				Base,
			);
			mainGroup = 7B7882A729D607C400EFE183;
			productRefGroup = 7B7882B129D607C400EFE183 /* Products */;
			projectDirPath = "";
			projectRoot = "";
			targets = (
				7B7882AF29D607C400EFE183 /* swift-amplify-cognito */,
			);
		};
/* End PBXProject section */

/* Begin PBXResourcesBuildPhase section */
		7B7882AE29D607C400EFE183 /* Resources */ = {
			isa = PBXResourcesBuildPhase;
			buildActionMask = 2147483647;
			files = (
				7B7882BB29D607C600EFE183 /* Preview Assets.xcassets in Resources */,
				7B7882B829D607C600EFE183 /* Assets.xcassets in Resources */,
				E1AB8A218E0060B20519BBA0 /* awsconfiguration.json in Resources */,
				78464B8B6DBB3F33B9B28A1A /* amplifyconfiguration.json in Resources */,
			);
			runOnlyForDeploymentPostprocessing = 0;
		};
/* End PBXResourcesBuildPhase section */

/* Begin PBXShellScriptBuildPhase section */
		7BD6B8E229E1E8BB0070A159 /* ShellScript */ = {
			isa = PBXShellScriptBuildPhase;
			buildActionMask = 2147483647;
			files = (
			);
			inputFileListPaths = (
			);
			inputPaths = (
			);
			outputFileListPaths = (
			);
			outputPaths = (
			);
			runOnlyForDeploymentPostprocessing = 0;
			shellPath = /bin/sh;
			shellScript = "#!/bin/sh\n#  ci_post_clone.sh\n#  \n#\n#  Created by Ross Gill on 4/8/23.\n#\n# Install CocoaPods using Homebrew\nbrew install cocoapods\n\n# Install dependencies you manage with CocoaPods.\npods install\n";
		};
		DBB9DAF6BC32713AF6E31557 /* [CP] Check Pods Manifest.lock */ = {
			isa = PBXShellScriptBuildPhase;
			buildActionMask = 2147483647;
			files = (
			);
			inputFileListPaths = (
			);
			inputPaths = (
				"${PODS_PODFILE_DIR_PATH}/Podfile.lock",
				"${PODS_ROOT}/Manifest.lock",
			);
			name = "[CP] Check Pods Manifest.lock";
			outputFileListPaths = (
			);
			outputPaths = (
				"$(DERIVED_FILE_DIR)/Pods-swift-amplify-cognito-checkManifestLockResult.txt",
			);
			runOnlyForDeploymentPostprocessing = 0;
			shellPath = /bin/sh;
			shellScript = "diff \"${PODS_PODFILE_DIR_PATH}/Podfile.lock\" \"${PODS_ROOT}/Manifest.lock\" > /dev/null\nif [ $? != 0 ] ; then\n    # print error to STDERR\n    echo \"error: The sandbox is not in sync with the Podfile.lock. Run 'pod install' or update your CocoaPods installation.\" >&2\n    exit 1\nfi\n# This output is used by Xcode 'outputs' to avoid re-running this script phase.\necho \"SUCCESS\" > \"${SCRIPT_OUTPUT_FILE_0}\"\n";
			showEnvVarsInLog = 0;
		};
		EC19E2F0D5D15C486BBF8EF0 /* [CP] Embed Pods Frameworks */ = {
			isa = PBXShellScriptBuildPhase;
			buildActionMask = 2147483647;
			files = (
			);
			inputFileListPaths = (
				"${PODS_ROOT}/Target Support Files/Pods-swift-amplify-cognito/Pods-swift-amplify-cognito-frameworks-${CONFIGURATION}-input-files.xcfilelist",
			);
			inputPaths = (
			);
			name = "[CP] Embed Pods Frameworks";
			outputFileListPaths = (
				"${PODS_ROOT}/Target Support Files/Pods-swift-amplify-cognito/Pods-swift-amplify-cognito-frameworks-${CONFIGURATION}-output-files.xcfilelist",
			);
			outputPaths = (
			);
			runOnlyForDeploymentPostprocessing = 0;
			shellPath = /bin/sh;
			shellScript = "\"${PODS_ROOT}/Target Support Files/Pods-swift-amplify-cognito/Pods-swift-amplify-cognito-frameworks.sh\"\n";
			showEnvVarsInLog = 0;
		};
/* End PBXShellScriptBuildPhase section */

/* Begin PBXSourcesBuildPhase section */
		7B7882AC29D607C400EFE183 /* Sources */ = {
			isa = PBXSourcesBuildPhase;
			buildActionMask = 2147483647;
			files = (
				7B7882B629D607C400EFE183 /* ContentView.swift in Sources */,
				7B7882C829D6088700EFE183 /* SessionView.swift in Sources */,
				7B7882C429D6087000EFE183 /* ConfirmationView.swift in Sources */,
				7B7882C229D6085300EFE183 /* SignUpView.swift in Sources */,
				7B7882C629D6087D00EFE183 /* LoginView.swift in Sources */,
				7B7882B429D607C400EFE183 /* swift_amplify_cognitoApp.swift in Sources */,
				7B8D352129D67B62007D9F5F /* SessionManager.swift in Sources */,
			);
			runOnlyForDeploymentPostprocessing = 0;
		};
/* End PBXSourcesBuildPhase section */

/* Begin XCBuildConfiguration section */
		7B7882BC29D607C600EFE183 /* Debug */ = {
			isa = XCBuildConfiguration;
			buildSettings = {
				ALWAYS_SEARCH_USER_PATHS = NO;
				CLANG_ANALYZER_NONNULL = YES;
				CLANG_ANALYZER_NUMBER_OBJECT_CONVERSION = YES_AGGRESSIVE;
				CLANG_CXX_LANGUAGE_STANDARD = "gnu++20";
				CLANG_ENABLE_MODULES = YES;
				CLANG_ENABLE_OBJC_ARC = YES;
				CLANG_ENABLE_OBJC_WEAK = YES;
				CLANG_WARN_BLOCK_CAPTURE_AUTORELEASING = YES;
				CLANG_WARN_BOOL_CONVERSION = YES;
				CLANG_WARN_COMMA = YES;
				CLANG_WARN_CONSTANT_CONVERSION = YES;
				CLANG_WARN_DEPRECATED_OBJC_IMPLEMENTATIONS = YES;
				CLANG_WARN_DIRECT_OBJC_ISA_USAGE = YES_ERROR;
				CLANG_WARN_DOCUMENTATION_COMMENTS = YES;
				CLANG_WARN_EMPTY_BODY = YES;
				CLANG_WARN_ENUM_CONVERSION = YES;
				CLANG_WARN_INFINITE_RECURSION = YES;
				CLANG_WARN_INT_CONVERSION = YES;
				CLANG_WARN_NON_LITERAL_NULL_CONVERSION = YES;
				CLANG_WARN_OBJC_IMPLICIT_RETAIN_SELF = YES;
				CLANG_WARN_OBJC_LITERAL_CONVERSION = YES;
				CLANG_WARN_OBJC_ROOT_CLASS = YES_ERROR;
				CLANG_WARN_QUOTED_INCLUDE_IN_FRAMEWORK_HEADER = YES;
				CLANG_WARN_RANGE_LOOP_ANALYSIS = YES;
				CLANG_WARN_STRICT_PROTOTYPES = YES;
				CLANG_WARN_SUSPICIOUS_MOVE = YES;
				CLANG_WARN_UNGUARDED_AVAILABILITY = YES_AGGRESSIVE;
				CLANG_WARN_UNREACHABLE_CODE = YES;
				CLANG_WARN__DUPLICATE_METHOD_MATCH = YES;
				COPY_PHASE_STRIP = NO;
				DEBUG_INFORMATION_FORMAT = dwarf;
				ENABLE_STRICT_OBJC_MSGSEND = YES;
				ENABLE_TESTABILITY = YES;
				GCC_C_LANGUAGE_STANDARD = gnu11;
				GCC_DYNAMIC_NO_PIC = NO;
				GCC_NO_COMMON_BLOCKS = YES;
				GCC_OPTIMIZATION_LEVEL = 0;
				GCC_PREPROCESSOR_DEFINITIONS = (
					"DEBUG=1",
					"$(inherited)",
				);
				GCC_WARN_64_TO_32_BIT_CONVERSION = YES;
				GCC_WARN_ABOUT_RETURN_TYPE = YES_ERROR;
				GCC_WARN_UNDECLARED_SELECTOR = YES;
				GCC_WARN_UNINITIALIZED_AUTOS = YES_AGGRESSIVE;
				GCC_WARN_UNUSED_FUNCTION = YES;
				GCC_WARN_UNUSED_VARIABLE = YES;
				IPHONEOS_DEPLOYMENT_TARGET = 16.2;
				MTL_ENABLE_DEBUG_INFO = INCLUDE_SOURCE;
				MTL_FAST_MATH = YES;
				ONLY_ACTIVE_ARCH = YES;
				SDKROOT = iphoneos;
				SWIFT_ACTIVE_COMPILATION_CONDITIONS = DEBUG;
				SWIFT_OPTIMIZATION_LEVEL = "-Onone";
			};
			name = Debug;
		};
		7B7882BD29D607C600EFE183 /* Release */ = {
			isa = XCBuildConfiguration;
			buildSettings = {
				ALWAYS_SEARCH_USER_PATHS = NO;
				CLANG_ANALYZER_NONNULL = YES;
				CLANG_ANALYZER_NUMBER_OBJECT_CONVERSION = YES_AGGRESSIVE;
				CLANG_CXX_LANGUAGE_STANDARD = "gnu++20";
				CLANG_ENABLE_MODULES = YES;
				CLANG_ENABLE_OBJC_ARC = YES;
				CLANG_ENABLE_OBJC_WEAK = YES;
				CLANG_WARN_BLOCK_CAPTURE_AUTORELEASING = YES;
				CLANG_WARN_BOOL_CONVERSION = YES;
				CLANG_WARN_COMMA = YES;
				CLANG_WARN_CONSTANT_CONVERSION = YES;
				CLANG_WARN_DEPRECATED_OBJC_IMPLEMENTATIONS = YES;
				CLANG_WARN_DIRECT_OBJC_ISA_USAGE = YES_ERROR;
				CLANG_WARN_DOCUMENTATION_COMMENTS = YES;
				CLANG_WARN_EMPTY_BODY = YES;
				CLANG_WARN_ENUM_CONVERSION = YES;
				CLANG_WARN_INFINITE_RECURSION = YES;
				CLANG_WARN_INT_CONVERSION = YES;
				CLANG_WARN_NON_LITERAL_NULL_CONVERSION = YES;
				CLANG_WARN_OBJC_IMPLICIT_RETAIN_SELF = YES;
				CLANG_WARN_OBJC_LITERAL_CONVERSION = YES;
				CLANG_WARN_OBJC_ROOT_CLASS = YES_ERROR;
				CLANG_WARN_QUOTED_INCLUDE_IN_FRAMEWORK_HEADER = YES;
				CLANG_WARN_RANGE_LOOP_ANALYSIS = YES;
				CLANG_WARN_STRICT_PROTOTYPES = YES;
				CLANG_WARN_SUSPICIOUS_MOVE = YES;
				CLANG_WARN_UNGUARDED_AVAILABILITY = YES_AGGRESSIVE;
				CLANG_WARN_UNREACHABLE_CODE = YES;
				CLANG_WARN__DUPLICATE_METHOD_MATCH = YES;
				COPY_PHASE_STRIP = NO;
				DEBUG_INFORMATION_FORMAT = "dwarf-with-dsym";
				ENABLE_NS_ASSERTIONS = NO;
				ENABLE_STRICT_OBJC_MSGSEND = YES;
				GCC_C_LANGUAGE_STANDARD = gnu11;
				GCC_NO_COMMON_BLOCKS = YES;
				GCC_WARN_64_TO_32_BIT_CONVERSION = YES;
				GCC_WARN_ABOUT_RETURN_TYPE = YES_ERROR;
				GCC_WARN_UNDECLARED_SELECTOR = YES;
				GCC_WARN_UNINITIALIZED_AUTOS = YES_AGGRESSIVE;
				GCC_WARN_UNUSED_FUNCTION = YES;
				GCC_WARN_UNUSED_VARIABLE = YES;
				IPHONEOS_DEPLOYMENT_TARGET = 16.2;
				MTL_ENABLE_DEBUG_INFO = NO;
				MTL_FAST_MATH = YES;
				SDKROOT = iphoneos;
				SWIFT_COMPILATION_MODE = wholemodule;
				SWIFT_OPTIMIZATION_LEVEL = "-O";
				VALIDATE_PRODUCT = YES;
			};
			name = Release;
		};
		7B7882BF29D607C600EFE183 /* Debug */ = {
			isa = XCBuildConfiguration;
			baseConfigurationReference = 831CB93CE5BAEB757DCA8A56 /* Pods-swift-amplify-cognito.debug.xcconfig */;
			buildSettings = {
				ASSETCATALOG_COMPILER_APPICON_NAME = AppIcon;
				ASSETCATALOG_COMPILER_GLOBAL_ACCENT_COLOR_NAME = AccentColor;
				CODE_SIGN_STYLE = Automatic;
				CURRENT_PROJECT_VERSION = 1;
				DEVELOPMENT_ASSET_PATHS = "\"swift-amplify-cognito/Preview Content\"";
				DEVELOPMENT_TEAM = L5GR2X9QY5;
				ENABLE_PREVIEWS = YES;
				GENERATE_INFOPLIST_FILE = YES;
				INFOPLIST_KEY_UIApplicationSceneManifest_Generation = YES;
				INFOPLIST_KEY_UIApplicationSupportsIndirectInputEvents = YES;
				INFOPLIST_KEY_UILaunchScreen_Generation = YES;
				INFOPLIST_KEY_UISupportedInterfaceOrientations_iPad = "UIInterfaceOrientationPortrait UIInterfaceOrientationPortraitUpsideDown UIInterfaceOrientationLandscapeLeft UIInterfaceOrientationLandscapeRight";
				INFOPLIST_KEY_UISupportedInterfaceOrientations_iPhone = "UIInterfaceOrientationPortrait UIInterfaceOrientationLandscapeLeft UIInterfaceOrientationLandscapeRight";
				LD_RUNPATH_SEARCH_PATHS = (
					"$(inherited)",
					"@executable_path/Frameworks",
				);
				MARKETING_VERSION = 1.0;
				PRODUCT_BUNDLE_IDENTIFIER = "com.rsgconfig.swift-amplify-cognito";
				PRODUCT_NAME = "$(TARGET_NAME)";
				SWIFT_EMIT_LOC_STRINGS = YES;
				SWIFT_VERSION = 5.0;
				TARGETED_DEVICE_FAMILY = "1,2";
			};
			name = Debug;
		};
		7B7882C029D607C600EFE183 /* Release */ = {
			isa = XCBuildConfiguration;
			baseConfigurationReference = 44D8DA5970D2745525BEDF4D /* Pods-swift-amplify-cognito.release.xcconfig */;
			buildSettings = {
				ASSETCATALOG_COMPILER_APPICON_NAME = AppIcon;
				ASSETCATALOG_COMPILER_GLOBAL_ACCENT_COLOR_NAME = AccentColor;
				CODE_SIGN_STYLE = Automatic;
				CURRENT_PROJECT_VERSION = 1;
				DEVELOPMENT_ASSET_PATHS = "\"swift-amplify-cognito/Preview Content\"";
				DEVELOPMENT_TEAM = L5GR2X9QY5;
				ENABLE_PREVIEWS = YES;
				GENERATE_INFOPLIST_FILE = YES;
				INFOPLIST_KEY_UIApplicationSceneManifest_Generation = YES;
				INFOPLIST_KEY_UIApplicationSupportsIndirectInputEvents = YES;
				INFOPLIST_KEY_UILaunchScreen_Generation = YES;
				INFOPLIST_KEY_UISupportedInterfaceOrientations_iPad = "UIInterfaceOrientationPortrait UIInterfaceOrientationPortraitUpsideDown UIInterfaceOrientationLandscapeLeft UIInterfaceOrientationLandscapeRight";
				INFOPLIST_KEY_UISupportedInterfaceOrientations_iPhone = "UIInterfaceOrientationPortrait UIInterfaceOrientationLandscapeLeft UIInterfaceOrientationLandscapeRight";
				LD_RUNPATH_SEARCH_PATHS = (
					"$(inherited)",
					"@executable_path/Frameworks",
				);
				MARKETING_VERSION = 1.0;
				PRODUCT_BUNDLE_IDENTIFIER = "com.rsgconfig.swift-amplify-cognito";
				PRODUCT_NAME = "$(TARGET_NAME)";
				SWIFT_EMIT_LOC_STRINGS = YES;
				SWIFT_VERSION = 5.0;
				TARGETED_DEVICE_FAMILY = "1,2";
			};
			name = Release;
		};
/* End XCBuildConfiguration section */

/* Begin XCConfigurationList section */
		7B7882AB29D607C400EFE183 /* Build configuration list for PBXProject "swift-amplify-cognito" */ = {
			isa = XCConfigurationList;
			buildConfigurations = (
				7B7882BC29D607C600EFE183 /* Debug */,
				7B7882BD29D607C600EFE183 /* Release */,
			);
			defaultConfigurationIsVisible = 0;
			defaultConfigurationName = Release;
		};
		7B7882BE29D607C600EFE183 /* Build configuration list for PBXNativeTarget "swift-amplify-cognito" */ = {
			isa = XCConfigurationList;
			buildConfigurations = (
				7B7882BF29D607C600EFE183 /* Debug */,
				7B7882C029D607C600EFE183 /* Release */,
			);
			defaultConfigurationIsVisible = 0;
			defaultConfigurationName = Release;
		};
/* End XCConfigurationList section */
	};
	rootObject = 7B7882A829D607C400EFE183 /* Project object */;
}
